github.com/ahmetb/go-linq/v3 v3.2.0 h1:BEuMfp+b59io8g5wYzNoFe9pWPalRklhlhbiU3hYZDE=
github.com/ahmetb/go-linq/v3 v3.2.0/go.mod h1:haQ3JfOeWK8HpVxMtHHEMPVgBKiYyQ+f1/kLZh/cj9U=
github.com/patrickmn/go-cache v2.1.0+incompatible h1:HRMgzkcYKYpi3C8ajMPV8OFXaaRUnok+kx1WdO15EQc=
github.com/patrickmn/go-cache v2.1.0+incompatible/go.mod h1:3Qf8kWWT7OJRJbdiICTKqZju1ZixQ/KpMGzzAfe6+WQ=
